<?xml version="1.0" encoding="utf-8"?>
<Project ToolsVersion="14.0" xmlns="http://schemas.microsoft.com/developer/msbuild/2003">
  <ItemGroup>
    <CustomBuild Include="C:\Users\Alex\Desktop\mining\frequency-scaling\build2\CMakeFiles\93eb375e401a23f87964266fae539616\INSTALL_force.rule">
      <Filter>CMake Rules</Filter>
    </CustomBuild>
  </ItemGroup>
  <ItemGroup>
    <Filter Include="CMake Rules">
      <UniqueIdentifier>{E683076F-5ED5-3DE4-865B-0C033C374EE4}</UniqueIdentifier>
    </Filter>
  </ItemGroup>
</Project>
