Microsoft Visual Studio Solution File, Format Version 12.00
# Visual Studio 14
Project("{2150E333-8FDC-42A3-9474-1A3956D46DE8}") = "CMakePredefinedTargets", "CMakePredefinedTargets", "{9F6F4390-C767-33B0-B6A9-E94C32AEED37}"
EndProject
Project("{8BC9CEB8-8B4A-11D0-8D11-00A0C91BC942}") = "ALL_BUILD", "ALL_BUILD.vcxproj", "{2A96521D-EB0C-3801-8A2C-3D611F811C9A}"
	ProjectSection(ProjectDependencies) = postProject
		{C1B97823-F23B-3A91-8067-CF8F3483255C} = {C1B97823-F23B-3A91-8067-CF8F3483255C}
		{CEBC4384-7C96-3CE9-B3D2-D4C51FABB751} = {CEBC4384-7C96-3CE9-B3D2-D4C51FABB751}
		{271487BD-F58A-3BB4-95DF-38C260A18F38} = {271487BD-F58A-3BB4-95DF-38C260A18F38}
		{8030CC0A-A3A2-3E4A-A3AA-DD7BB4E4B72D} = {8030CC0A-A3A2-3E4A-A3AA-DD7BB4E4B72D}
		{CF9D3090-4BDB-352F-9E76-946D4C23F1E0} = {CF9D3090-4BDB-352F-9E76-946D4C23F1E0}
		{C63BA5B1-A599-3AFB-A6EF-88384EA49FF2} = {C63BA5B1-A599-3AFB-A6EF-88384EA49FF2}
		{6DE85F3D-B0E2-39C2-B2D9-390C13A983CD} = {6DE85F3D-B0E2-39C2-B2D9-390C13A983CD}
		{0AC0D289-4711-3852-8428-E7049EF2AE6E} = {0AC0D289-4711-3852-8428-E7049EF2AE6E}
		{A7958C65-72F3-3ADF-98B2-0A00CC871184} = {A7958C65-72F3-3ADF-98B2-0A00CC871184}
		{31B251FD-4316-395F-A08A-F2C509CE87B2} = {31B251FD-4316-395F-A08A-F2C509CE87B2}
		{39B44A6D-0AF6-3CA1-B550-0D63BF8790F0} = {39B44A6D-0AF6-3CA1-B550-0D63BF8790F0}
		{397642CF-D54C-3C77-BAB4-A1856C2A71C2} = {397642CF-D54C-3C77-BAB4-A1856C2A71C2}
		{E610B1AA-7D4D-3641-80E2-328BE892BB82} = {E610B1AA-7D4D-3641-80E2-328BE892BB82}
		{0D3C7B40-79E4-31F8-9A68-D773AA02CB69} = {0D3C7B40-79E4-31F8-9A68-D773AA02CB69}
	EndProjectSection
EndProject
Project("{8BC9CEB8-8B4A-11D0-8D11-00A0C91BC942}") = "INSTALL", "INSTALL.vcxproj", "{7D0A6106-2C37-3AEA-8121-6A1BB7F51AA6}"
	ProjectSection(ProjectDependencies) = postProject
		{2A96521D-EB0C-3801-8A2C-3D611F811C9A} = {2A96521D-EB0C-3801-8A2C-3D611F811C9A}
		{C1B97823-F23B-3A91-8067-CF8F3483255C} = {C1B97823-F23B-3A91-8067-CF8F3483255C}
	EndProjectSection
EndProject
Project("{8BC9CEB8-8B4A-11D0-8D11-00A0C91BC942}") = "ZERO_CHECK", "ZERO_CHECK.vcxproj", "{C1B97823-F23B-3A91-8067-CF8F3483255C}"
	ProjectSection(ProjectDependencies) = postProject
	EndProjectSection
EndProject
Project("{8BC9CEB8-8B4A-11D0-8D11-00A0C91BC942}") = "freq_exhaustive", "src\nvOC\freq_exhaustive.vcxproj", "{CEBC4384-7C96-3CE9-B3D2-D4C51FABB751}"
	ProjectSection(ProjectDependencies) = postProject
		{C1B97823-F23B-3A91-8067-CF8F3483255C} = {C1B97823-F23B-3A91-8067-CF8F3483255C}
		{271487BD-F58A-3BB4-95DF-38C260A18F38} = {271487BD-F58A-3BB4-95DF-38C260A18F38}
		{A7958C65-72F3-3ADF-98B2-0A00CC871184} = {A7958C65-72F3-3ADF-98B2-0A00CC871184}
		{39B44A6D-0AF6-3CA1-B550-0D63BF8790F0} = {39B44A6D-0AF6-3CA1-B550-0D63BF8790F0}
		{0D3C7B40-79E4-31F8-9A68-D773AA02CB69} = {0D3C7B40-79E4-31F8-9A68-D773AA02CB69}
	EndProjectSection
EndProject
Project("{8BC9CEB8-8B4A-11D0-8D11-00A0C91BC942}") = "freq_exhaustive_lib", "src\nvOC\freq_exhaustive_lib.vcxproj", "{271487BD-F58A-3BB4-95DF-38C260A18F38}"
	ProjectSection(ProjectDependencies) = postProject
		{C1B97823-F23B-3A91-8067-CF8F3483255C} = {C1B97823-F23B-3A91-8067-CF8F3483255C}
		{A7958C65-72F3-3ADF-98B2-0A00CC871184} = {A7958C65-72F3-3ADF-98B2-0A00CC871184}
		{39B44A6D-0AF6-3CA1-B550-0D63BF8790F0} = {39B44A6D-0AF6-3CA1-B550-0D63BF8790F0}
		{0D3C7B40-79E4-31F8-9A68-D773AA02CB69} = {0D3C7B40-79E4-31F8-9A68-D773AA02CB69}
	EndProjectSection
EndProject
Project("{8BC9CEB8-8B4A-11D0-8D11-00A0C91BC942}") = "freq_optimization", "src\nvOC\freq_optimization.vcxproj", "{8030CC0A-A3A2-3E4A-A3AA-DD7BB4E4B72D}"
	ProjectSection(ProjectDependencies) = postProject
		{C1B97823-F23B-3A91-8067-CF8F3483255C} = {C1B97823-F23B-3A91-8067-CF8F3483255C}
		{CF9D3090-4BDB-352F-9E76-946D4C23F1E0} = {CF9D3090-4BDB-352F-9E76-946D4C23F1E0}
		{A7958C65-72F3-3ADF-98B2-0A00CC871184} = {A7958C65-72F3-3ADF-98B2-0A00CC871184}
		{39B44A6D-0AF6-3CA1-B550-0D63BF8790F0} = {39B44A6D-0AF6-3CA1-B550-0D63BF8790F0}
		{0D3C7B40-79E4-31F8-9A68-D773AA02CB69} = {0D3C7B40-79E4-31F8-9A68-D773AA02CB69}
	EndProjectSection
EndProject
Project("{8BC9CEB8-8B4A-11D0-8D11-00A0C91BC942}") = "freq_optimization_lib", "src\nvOC\freq_optimization_lib.vcxproj", "{CF9D3090-4BDB-352F-9E76-946D4C23F1E0}"
	ProjectSection(ProjectDependencies) = postProject
		{C1B97823-F23B-3A91-8067-CF8F3483255C} = {C1B97823-F23B-3A91-8067-CF8F3483255C}
		{A7958C65-72F3-3ADF-98B2-0A00CC871184} = {A7958C65-72F3-3ADF-98B2-0A00CC871184}
		{39B44A6D-0AF6-3CA1-B550-0D63BF8790F0} = {39B44A6D-0AF6-3CA1-B550-0D63BF8790F0}
		{0D3C7B40-79E4-31F8-9A68-D773AA02CB69} = {0D3C7B40-79E4-31F8-9A68-D773AA02CB69}
	EndProjectSection
EndProject
Project("{8BC9CEB8-8B4A-11D0-8D11-00A0C91BC942}") = "gpu_power_monitor", "src\nvOC\gpu_power_monitor.vcxproj", "{C63BA5B1-A599-3AFB-A6EF-88384EA49FF2}"
	ProjectSection(ProjectDependencies) = postProject
		{C1B97823-F23B-3A91-8067-CF8F3483255C} = {C1B97823-F23B-3A91-8067-CF8F3483255C}
		{39B44A6D-0AF6-3CA1-B550-0D63BF8790F0} = {39B44A6D-0AF6-3CA1-B550-0D63BF8790F0}
	EndProjectSection
EndProject
Project("{8BC9CEB8-8B4A-11D0-8D11-00A0C91BC942}") = "hash-log-excavator", "src\nvOC\hash-log-excavator.vcxproj", "{6DE85F3D-B0E2-39C2-B2D9-390C13A983CD}"
	ProjectSection(ProjectDependencies) = postProject
		{C1B97823-F23B-3A91-8067-CF8F3483255C} = {C1B97823-F23B-3A91-8067-CF8F3483255C}
	EndProjectSection
EndProject
Project("{8BC9CEB8-8B4A-11D0-8D11-00A0C91BC942}") = "nvapiOC", "src\nvOC\nvapiOC.vcxproj", "{0AC0D289-4711-3852-8428-E7049EF2AE6E}"
	ProjectSection(ProjectDependencies) = postProject
		{C1B97823-F23B-3A91-8067-CF8F3483255C} = {C1B97823-F23B-3A91-8067-CF8F3483255C}
		{A7958C65-72F3-3ADF-98B2-0A00CC871184} = {A7958C65-72F3-3ADF-98B2-0A00CC871184}
	EndProjectSection
EndProject
Project("{8BC9CEB8-8B4A-11D0-8D11-00A0C91BC942}") = "nvapiOC_lib", "src\nvOC\nvapiOC_lib.vcxproj", "{A7958C65-72F3-3ADF-98B2-0A00CC871184}"
	ProjectSection(ProjectDependencies) = postProject
		{C1B97823-F23B-3A91-8067-CF8F3483255C} = {C1B97823-F23B-3A91-8067-CF8F3483255C}
	EndProjectSection
EndProject
Project("{8BC9CEB8-8B4A-11D0-8D11-00A0C91BC942}") = "nvmlOC", "src\nvOC\nvmlOC.vcxproj", "{31B251FD-4316-395F-A08A-F2C509CE87B2}"
	ProjectSection(ProjectDependencies) = postProject
		{C1B97823-F23B-3A91-8067-CF8F3483255C} = {C1B97823-F23B-3A91-8067-CF8F3483255C}
		{39B44A6D-0AF6-3CA1-B550-0D63BF8790F0} = {39B44A6D-0AF6-3CA1-B550-0D63BF8790F0}
	EndProjectSection
EndProject
Project("{8BC9CEB8-8B4A-11D0-8D11-00A0C91BC942}") = "nvmlOC_lib", "src\nvOC\nvmlOC_lib.vcxproj", "{39B44A6D-0AF6-3CA1-B550-0D63BF8790F0}"
	ProjectSection(ProjectDependencies) = postProject
		{C1B97823-F23B-3A91-8067-CF8F3483255C} = {C1B97823-F23B-3A91-8067-CF8F3483255C}
	EndProjectSection
EndProject
Project("{8BC9CEB8-8B4A-11D0-8D11-00A0C91BC942}") = "profit_optimization", "src\nvOC\profit_optimization.vcxproj", "{397642CF-D54C-3C77-BAB4-A1856C2A71C2}"
	ProjectSection(ProjectDependencies) = postProject
		{C1B97823-F23B-3A91-8067-CF8F3483255C} = {C1B97823-F23B-3A91-8067-CF8F3483255C}
		{CF9D3090-4BDB-352F-9E76-946D4C23F1E0} = {CF9D3090-4BDB-352F-9E76-946D4C23F1E0}
		{A7958C65-72F3-3ADF-98B2-0A00CC871184} = {A7958C65-72F3-3ADF-98B2-0A00CC871184}
		{39B44A6D-0AF6-3CA1-B550-0D63BF8790F0} = {39B44A6D-0AF6-3CA1-B550-0D63BF8790F0}
		{E610B1AA-7D4D-3641-80E2-328BE892BB82} = {E610B1AA-7D4D-3641-80E2-328BE892BB82}
		{0D3C7B40-79E4-31F8-9A68-D773AA02CB69} = {0D3C7B40-79E4-31F8-9A68-D773AA02CB69}
	EndProjectSection
EndProject
Project("{8BC9CEB8-8B4A-11D0-8D11-00A0C91BC942}") = "profit_optimization_lib", "src\nvOC\profit_optimization_lib.vcxproj", "{E610B1AA-7D4D-3641-80E2-328BE892BB82}"
	ProjectSection(ProjectDependencies) = postProject
		{C1B97823-F23B-3A91-8067-CF8F3483255C} = {C1B97823-F23B-3A91-8067-CF8F3483255C}
		{CF9D3090-4BDB-352F-9E76-946D4C23F1E0} = {CF9D3090-4BDB-352F-9E76-946D4C23F1E0}
		{A7958C65-72F3-3ADF-98B2-0A00CC871184} = {A7958C65-72F3-3ADF-98B2-0A00CC871184}
		{39B44A6D-0AF6-3CA1-B550-0D63BF8790F0} = {39B44A6D-0AF6-3CA1-B550-0D63BF8790F0}
		{0D3C7B40-79E4-31F8-9A68-D773AA02CB69} = {0D3C7B40-79E4-31F8-9A68-D773AA02CB69}
	EndProjectSection
EndProject
Project("{8BC9CEB8-8B4A-11D0-8D11-00A0C91BC942}") = "script_running_lib", "src\nvOC\script_running_lib.vcxproj", "{0D3C7B40-79E4-31F8-9A68-D773AA02CB69}"
	ProjectSection(ProjectDependencies) = postProject
		{C1B97823-F23B-3A91-8067-CF8F3483255C} = {C1B97823-F23B-3A91-8067-CF8F3483255C}
		{A7958C65-72F3-3ADF-98B2-0A00CC871184} = {A7958C65-72F3-3ADF-98B2-0A00CC871184}
		{39B44A6D-0AF6-3CA1-B550-0D63BF8790F0} = {39B44A6D-0AF6-3CA1-B550-0D63BF8790F0}
	EndProjectSection
EndProject
Global
	GlobalSection(SolutionConfigurationPlatforms) = preSolution
		Debug|x64 = Debug|x64
		Release|x64 = Release|x64
		MinSizeRel|x64 = MinSizeRel|x64
		RelWithDebInfo|x64 = RelWithDebInfo|x64
	EndGlobalSection
	GlobalSection(ProjectConfigurationPlatforms) = postSolution
		{2A96521D-EB0C-3801-8A2C-3D611F811C9A}.Debug|x64.ActiveCfg = Debug|x64
		{2A96521D-EB0C-3801-8A2C-3D611F811C9A}.Debug|x64.Build.0 = Debug|x64
		{2A96521D-EB0C-3801-8A2C-3D611F811C9A}.Release|x64.ActiveCfg = Release|x64
		{2A96521D-EB0C-3801-8A2C-3D611F811C9A}.Release|x64.Build.0 = Release|x64
		{2A96521D-EB0C-3801-8A2C-3D611F811C9A}.MinSizeRel|x64.ActiveCfg = MinSizeRel|x64
		{2A96521D-EB0C-3801-8A2C-3D611F811C9A}.MinSizeRel|x64.Build.0 = MinSizeRel|x64
		{2A96521D-EB0C-3801-8A2C-3D611F811C9A}.RelWithDebInfo|x64.ActiveCfg = RelWithDebInfo|x64
		{2A96521D-EB0C-3801-8A2C-3D611F811C9A}.RelWithDebInfo|x64.Build.0 = RelWithDebInfo|x64
		{7D0A6106-2C37-3AEA-8121-6A1BB7F51AA6}.Debug|x64.ActiveCfg = Debug|x64
		{7D0A6106-2C37-3AEA-8121-6A1BB7F51AA6}.Release|x64.ActiveCfg = Release|x64
		{7D0A6106-2C37-3AEA-8121-6A1BB7F51AA6}.MinSizeRel|x64.ActiveCfg = MinSizeRel|x64
		{7D0A6106-2C37-3AEA-8121-6A1BB7F51AA6}.RelWithDebInfo|x64.ActiveCfg = RelWithDebInfo|x64
		{C1B97823-F23B-3A91-8067-CF8F3483255C}.Debug|x64.ActiveCfg = Debug|x64
		{C1B97823-F23B-3A91-8067-CF8F3483255C}.Debug|x64.Build.0 = Debug|x64
		{C1B97823-F23B-3A91-8067-CF8F3483255C}.Release|x64.ActiveCfg = Release|x64
		{C1B97823-F23B-3A91-8067-CF8F3483255C}.Release|x64.Build.0 = Release|x64
		{C1B97823-F23B-3A91-8067-CF8F3483255C}.MinSizeRel|x64.ActiveCfg = MinSizeRel|x64
		{C1B97823-F23B-3A91-8067-CF8F3483255C}.MinSizeRel|x64.Build.0 = MinSizeRel|x64
		{C1B97823-F23B-3A91-8067-CF8F3483255C}.RelWithDebInfo|x64.ActiveCfg = RelWithDebInfo|x64
		{C1B97823-F23B-3A91-8067-CF8F3483255C}.RelWithDebInfo|x64.Build.0 = RelWithDebInfo|x64
		{CEBC4384-7C96-3CE9-B3D2-D4C51FABB751}.Debug|x64.ActiveCfg = Debug|x64
		{CEBC4384-7C96-3CE9-B3D2-D4C51FABB751}.Debug|x64.Build.0 = Debug|x64
		{CEBC4384-7C96-3CE9-B3D2-D4C51FABB751}.Release|x64.ActiveCfg = Release|x64
		{CEBC4384-7C96-3CE9-B3D2-D4C51FABB751}.Release|x64.Build.0 = Release|x64
		{CEBC4384-7C96-3CE9-B3D2-D4C51FABB751}.MinSizeRel|x64.ActiveCfg = MinSizeRel|x64
		{CEBC4384-7C96-3CE9-B3D2-D4C51FABB751}.MinSizeRel|x64.Build.0 = MinSizeRel|x64
		{CEBC4384-7C96-3CE9-B3D2-D4C51FABB751}.RelWithDebInfo|x64.ActiveCfg = RelWithDebInfo|x64
		{CEBC4384-7C96-3CE9-B3D2-D4C51FABB751}.RelWithDebInfo|x64.Build.0 = RelWithDebInfo|x64
		{271487BD-F58A-3BB4-95DF-38C260A18F38}.Debug|x64.ActiveCfg = Debug|x64
		{271487BD-F58A-3BB4-95DF-38C260A18F38}.Debug|x64.Build.0 = Debug|x64
		{271487BD-F58A-3BB4-95DF-38C260A18F38}.Release|x64.ActiveCfg = Release|x64
		{271487BD-F58A-3BB4-95DF-38C260A18F38}.Release|x64.Build.0 = Release|x64
		{271487BD-F58A-3BB4-95DF-38C260A18F38}.MinSizeRel|x64.ActiveCfg = MinSizeRel|x64
		{271487BD-F58A-3BB4-95DF-38C260A18F38}.MinSizeRel|x64.Build.0 = MinSizeRel|x64
		{271487BD-F58A-3BB4-95DF-38C260A18F38}.RelWithDebInfo|x64.ActiveCfg = RelWithDebInfo|x64
		{271487BD-F58A-3BB4-95DF-38C260A18F38}.RelWithDebInfo|x64.Build.0 = RelWithDebInfo|x64
		{8030CC0A-A3A2-3E4A-A3AA-DD7BB4E4B72D}.Debug|x64.ActiveCfg = Debug|x64
		{8030CC0A-A3A2-3E4A-A3AA-DD7BB4E4B72D}.Debug|x64.Build.0 = Debug|x64
		{8030CC0A-A3A2-3E4A-A3AA-DD7BB4E4B72D}.Release|x64.ActiveCfg = Release|x64
		{8030CC0A-A3A2-3E4A-A3AA-DD7BB4E4B72D}.Release|x64.Build.0 = Release|x64
		{8030CC0A-A3A2-3E4A-A3AA-DD7BB4E4B72D}.MinSizeRel|x64.ActiveCfg = MinSizeRel|x64
		{8030CC0A-A3A2-3E4A-A3AA-DD7BB4E4B72D}.MinSizeRel|x64.Build.0 = MinSizeRel|x64
		{8030CC0A-A3A2-3E4A-A3AA-DD7BB4E4B72D}.RelWithDebInfo|x64.ActiveCfg = RelWithDebInfo|x64
		{8030CC0A-A3A2-3E4A-A3AA-DD7BB4E4B72D}.RelWithDebInfo|x64.Build.0 = RelWithDebInfo|x64
		{CF9D3090-4BDB-352F-9E76-946D4C23F1E0}.Debug|x64.ActiveCfg = Debug|x64
		{CF9D3090-4BDB-352F-9E76-946D4C23F1E0}.Debug|x64.Build.0 = Debug|x64
		{CF9D3090-4BDB-352F-9E76-946D4C23F1E0}.Release|x64.ActiveCfg = Release|x64
		{CF9D3090-4BDB-352F-9E76-946D4C23F1E0}.Release|x64.Build.0 = Release|x64
		{CF9D3090-4BDB-352F-9E76-946D4C23F1E0}.MinSizeRel|x64.ActiveCfg = MinSizeRel|x64
		{CF9D3090-4BDB-352F-9E76-946D4C23F1E0}.MinSizeRel|x64.Build.0 = MinSizeRel|x64
		{CF9D3090-4BDB-352F-9E76-946D4C23F1E0}.RelWithDebInfo|x64.ActiveCfg = RelWithDebInfo|x64
		{CF9D3090-4BDB-352F-9E76-946D4C23F1E0}.RelWithDebInfo|x64.Build.0 = RelWithDebInfo|x64
		{C63BA5B1-A599-3AFB-A6EF-88384EA49FF2}.Debug|x64.ActiveCfg = Debug|x64
		{C63BA5B1-A599-3AFB-A6EF-88384EA49FF2}.Debug|x64.Build.0 = Debug|x64
		{C63BA5B1-A599-3AFB-A6EF-88384EA49FF2}.Release|x64.ActiveCfg = Release|x64
		{C63BA5B1-A599-3AFB-A6EF-88384EA49FF2}.Release|x64.Build.0 = Release|x64
		{C63BA5B1-A599-3AFB-A6EF-88384EA49FF2}.MinSizeRel|x64.ActiveCfg = MinSizeRel|x64
		{C63BA5B1-A599-3AFB-A6EF-88384EA49FF2}.MinSizeRel|x64.Build.0 = MinSizeRel|x64
		{C63BA5B1-A599-3AFB-A6EF-88384EA49FF2}.RelWithDebInfo|x64.ActiveCfg = RelWithDebInfo|x64
		{C63BA5B1-A599-3AFB-A6EF-88384EA49FF2}.RelWithDebInfo|x64.Build.0 = RelWithDebInfo|x64
		{6DE85F3D-B0E2-39C2-B2D9-390C13A983CD}.Debug|x64.ActiveCfg = Debug|x64
		{6DE85F3D-B0E2-39C2-B2D9-390C13A983CD}.Debug|x64.Build.0 = Debug|x64
		{6DE85F3D-B0E2-39C2-B2D9-390C13A983CD}.Release|x64.ActiveCfg = Release|x64
		{6DE85F3D-B0E2-39C2-B2D9-390C13A983CD}.Release|x64.Build.0 = Release|x64
		{6DE85F3D-B0E2-39C2-B2D9-390C13A983CD}.MinSizeRel|x64.ActiveCfg = MinSizeRel|x64
		{6DE85F3D-B0E2-39C2-B2D9-390C13A983CD}.MinSizeRel|x64.Build.0 = MinSizeRel|x64
		{6DE85F3D-B0E2-39C2-B2D9-390C13A983CD}.RelWithDebInfo|x64.ActiveCfg = RelWithDebInfo|x64
		{6DE85F3D-B0E2-39C2-B2D9-390C13A983CD}.RelWithDebInfo|x64.Build.0 = RelWithDebInfo|x64
		{0AC0D289-4711-3852-8428-E7049EF2AE6E}.Debug|x64.ActiveCfg = Debug|x64
		{0AC0D289-4711-3852-8428-E7049EF2AE6E}.Debug|x64.Build.0 = Debug|x64
		{0AC0D289-4711-3852-8428-E7049EF2AE6E}.Release|x64.ActiveCfg = Release|x64
		{0AC0D289-4711-3852-8428-E7049EF2AE6E}.Release|x64.Build.0 = Release|x64
		{0AC0D289-4711-3852-8428-E7049EF2AE6E}.MinSizeRel|x64.ActiveCfg = MinSizeRel|x64
		{0AC0D289-4711-3852-8428-E7049EF2AE6E}.MinSizeRel|x64.Build.0 = MinSizeRel|x64
		{0AC0D289-4711-3852-8428-E7049EF2AE6E}.RelWithDebInfo|x64.ActiveCfg = RelWithDebInfo|x64
		{0AC0D289-4711-3852-8428-E7049EF2AE6E}.RelWithDebInfo|x64.Build.0 = RelWithDebInfo|x64
		{A7958C65-72F3-3ADF-98B2-0A00CC871184}.Debug|x64.ActiveCfg = Debug|x64
		{A7958C65-72F3-3ADF-98B2-0A00CC871184}.Debug|x64.Build.0 = Debug|x64
		{A7958C65-72F3-3ADF-98B2-0A00CC871184}.Release|x64.ActiveCfg = Release|x64
		{A7958C65-72F3-3ADF-98B2-0A00CC871184}.Release|x64.Build.0 = Release|x64
		{A7958C65-72F3-3ADF-98B2-0A00CC871184}.MinSizeRel|x64.ActiveCfg = MinSizeRel|x64
		{A7958C65-72F3-3ADF-98B2-0A00CC871184}.MinSizeRel|x64.Build.0 = MinSizeRel|x64
		{A7958C65-72F3-3ADF-98B2-0A00CC871184}.RelWithDebInfo|x64.ActiveCfg = RelWithDebInfo|x64
		{A7958C65-72F3-3ADF-98B2-0A00CC871184}.RelWithDebInfo|x64.Build.0 = RelWithDebInfo|x64
		{31B251FD-4316-395F-A08A-F2C509CE87B2}.Debug|x64.ActiveCfg = Debug|x64
		{31B251FD-4316-395F-A08A-F2C509CE87B2}.Debug|x64.Build.0 = Debug|x64
		{31B251FD-4316-395F-A08A-F2C509CE87B2}.Release|x64.ActiveCfg = Release|x64
		{31B251FD-4316-395F-A08A-F2C509CE87B2}.Release|x64.Build.0 = Release|x64
		{31B251FD-4316-395F-A08A-F2C509CE87B2}.MinSizeRel|x64.ActiveCfg = MinSizeRel|x64
		{31B251FD-4316-395F-A08A-F2C509CE87B2}.MinSizeRel|x64.Build.0 = MinSizeRel|x64
		{31B251FD-4316-395F-A08A-F2C509CE87B2}.RelWithDebInfo|x64.ActiveCfg = RelWithDebInfo|x64
		{31B251FD-4316-395F-A08A-F2C509CE87B2}.RelWithDebInfo|x64.Build.0 = RelWithDebInfo|x64
		{39B44A6D-0AF6-3CA1-B550-0D63BF8790F0}.Debug|x64.ActiveCfg = Debug|x64
		{39B44A6D-0AF6-3CA1-B550-0D63BF8790F0}.Debug|x64.Build.0 = Debug|x64
		{39B44A6D-0AF6-3CA1-B550-0D63BF8790F0}.Release|x64.ActiveCfg = Release|x64
		{39B44A6D-0AF6-3CA1-B550-0D63BF8790F0}.Release|x64.Build.0 = Release|x64
		{39B44A6D-0AF6-3CA1-B550-0D63BF8790F0}.MinSizeRel|x64.ActiveCfg = MinSizeRel|x64
		{39B44A6D-0AF6-3CA1-B550-0D63BF8790F0}.MinSizeRel|x64.Build.0 = MinSizeRel|x64
		{39B44A6D-0AF6-3CA1-B550-0D63BF8790F0}.RelWithDebInfo|x64.ActiveCfg = RelWithDebInfo|x64
		{39B44A6D-0AF6-3CA1-B550-0D63BF8790F0}.RelWithDebInfo|x64.Build.0 = RelWithDebInfo|x64
		{397642CF-D54C-3C77-BAB4-A1856C2A71C2}.Debug|x64.ActiveCfg = Debug|x64
		{397642CF-D54C-3C77-BAB4-A1856C2A71C2}.Debug|x64.Build.0 = Debug|x64
		{397642CF-D54C-3C77-BAB4-A1856C2A71C2}.Release|x64.ActiveCfg = Release|x64
		{397642CF-D54C-3C77-BAB4-A1856C2A71C2}.Release|x64.Build.0 = Release|x64
		{397642CF-D54C-3C77-BAB4-A1856C2A71C2}.MinSizeRel|x64.ActiveCfg = MinSizeRel|x64
		{397642CF-D54C-3C77-BAB4-A1856C2A71C2}.MinSizeRel|x64.Build.0 = MinSizeRel|x64
		{397642CF-D54C-3C77-BAB4-A1856C2A71C2}.RelWithDebInfo|x64.ActiveCfg = RelWithDebInfo|x64
		{397642CF-D54C-3C77-BAB4-A1856C2A71C2}.RelWithDebInfo|x64.Build.0 = RelWithDebInfo|x64
		{E610B1AA-7D4D-3641-80E2-328BE892BB82}.Debug|x64.ActiveCfg = Debug|x64
		{E610B1AA-7D4D-3641-80E2-328BE892BB82}.Debug|x64.Build.0 = Debug|x64
		{E610B1AA-7D4D-3641-80E2-328BE892BB82}.Release|x64.ActiveCfg = Release|x64
		{E610B1AA-7D4D-3641-80E2-328BE892BB82}.Release|x64.Build.0 = Release|x64
		{E610B1AA-7D4D-3641-80E2-328BE892BB82}.MinSizeRel|x64.ActiveCfg = MinSizeRel|x64
		{E610B1AA-7D4D-3641-80E2-328BE892BB82}.MinSizeRel|x64.Build.0 = MinSizeRel|x64
		{E610B1AA-7D4D-3641-80E2-328BE892BB82}.RelWithDebInfo|x64.ActiveCfg = RelWithDebInfo|x64
		{E610B1AA-7D4D-3641-80E2-328BE892BB82}.RelWithDebInfo|x64.Build.0 = RelWithDebInfo|x64
		{0D3C7B40-79E4-31F8-9A68-D773AA02CB69}.Debug|x64.ActiveCfg = Debug|x64
		{0D3C7B40-79E4-31F8-9A68-D773AA02CB69}.Debug|x64.Build.0 = Debug|x64
		{0D3C7B40-79E4-31F8-9A68-D773AA02CB69}.Release|x64.ActiveCfg = Release|x64
		{0D3C7B40-79E4-31F8-9A68-D773AA02CB69}.Release|x64.Build.0 = Release|x64
		{0D3C7B40-79E4-31F8-9A68-D773AA02CB69}.MinSizeRel|x64.ActiveCfg = MinSizeRel|x64
		{0D3C7B40-79E4-31F8-9A68-D773AA02CB69}.MinSizeRel|x64.Build.0 = MinSizeRel|x64
		{0D3C7B40-79E4-31F8-9A68-D773AA02CB69}.RelWithDebInfo|x64.ActiveCfg = RelWithDebInfo|x64
		{0D3C7B40-79E4-31F8-9A68-D773AA02CB69}.RelWithDebInfo|x64.Build.0 = RelWithDebInfo|x64
	EndGlobalSection
	GlobalSection(NestedProjects) = preSolution
		{2A96521D-EB0C-3801-8A2C-3D611F811C9A} = {9F6F4390-C767-33B0-B6A9-E94C32AEED37}
		{7D0A6106-2C37-3AEA-8121-6A1BB7F51AA6} = {9F6F4390-C767-33B0-B6A9-E94C32AEED37}
		{C1B97823-F23B-3A91-8067-CF8F3483255C} = {9F6F4390-C767-33B0-B6A9-E94C32AEED37}
	EndGlobalSection
	GlobalSection(ExtensibilityGlobals) = postSolution
		SolutionGuid = {1FFCAB58-1B2B-3F23-AE70-79E4CADD6D1D}
	EndGlobalSection
	GlobalSection(ExtensibilityAddIns) = postSolution
	EndGlobalSection
EndGlobal
